{"version":4,"terraform_version":"1.9.1","serial":1,"lineage":"1b707ef2-7701-7c61-c780-89cf4894b042","outputs":{"internet_gateway_id":{"value":"igw-0e3df625bab2195de","type":"string"},"private_subnet_ids":{"value":["subnet-04ae00968281cc1b1","subnet-03b19ed327f4ec8ee","subnet-0025ed9bcbe2f313b"],"type":["tuple",["string","string","string"]]},"public_subnet_ids":{"value":["subnet-0fa52053a7b9e0c6a","subnet-07598dfdaa2b5f45a"],"type":["tuple",["string","string"]]},"vpc_id":{"value":"vpc-05390037d005f904f","type":"string"}},"resources":[{"module":"module.igw","mode":"managed","type":"aws_internet_gateway","name":"igw","provider":"provider[\"registry.opentofu.org/hashicorp/aws\"]","instances":[{"schema_version":0,"attributes":{"arn":"arn:aws:ec2:ap-south-1:699475925713:internet-gateway/igw-0e3df625bab2195de","id":"igw-0e3df625bab2195de","owner_id":"699475925713","tags":{"Environment":"dev","Name":"test-igw","Project":"test"},"tags_all":{"Environment":"dev","Name":"test-igw","Project":"test"},"timeouts":null,"vpc_id":"vpc-05390037d005f904f"},"sensitive_attributes":[],"private":"eyJlMmJmYjczMC1lY2FhLTExZTYtOGY4OC0zNDM2M2JjN2M0YzAiOnsiY3JlYXRlIjoxMjAwMDAwMDAwMDAwLCJkZWxldGUiOjEyMDAwMDAwMDAwMDAsInVwZGF0ZSI6MTIwMDAwMDAwMDAwMH19","dependencies":["module.vpc.aws_vpc.main"]}]},{"module":"module.subnets","mode":"managed","type":"aws_subnet","name":"private","provider":"provider[\"registry.opentofu.org/hashicorp/aws\"]","instances":[{"index_key":"0","schema_version":1,"attributes":{"arn":"arn:aws:ec2:ap-south-1:699475925713:subnet/subnet-04ae00968281cc1b1","assign_ipv6_address_on_creation":false,"availability_zone":"ap-south-1a","availability_zone_id":"aps1-az1","cidr_block":"10.0.3.0/24","customer_owned_ipv4_pool":"","enable_dns64":false,"enable_lni_at_device_index":0,"enable_resource_name_dns_a_record_on_launch":false,"enable_resource_name_dns_aaaa_record_on_launch":false,"id":"subnet-04ae00968281cc1b1","ipv6_cidr_block":"","ipv6_cidr_block_association_id":"","ipv6_native":false,"map_customer_owned_ip_on_launch":false,"map_public_ip_on_launch":false,"outpost_arn":"","owner_id":"699475925713","private_dns_hostname_type_on_launch":"ip-name","tags":{"Environment":"dev","Name":"test-private-subnet-ap-south-1a","Project":"test"},"tags_all":{"Environment":"dev","Name":"test-private-subnet-ap-south-1a","Project":"test"},"timeouts":null,"vpc_id":"vpc-05390037d005f904f"},"sensitive_attributes":[],"private":"eyJlMmJmYjczMC1lY2FhLTExZTYtOGY4OC0zNDM2M2JjN2M0YzAiOnsiY3JlYXRlIjo2MDAwMDAwMDAwMDAsImRlbGV0ZSI6MTIwMDAwMDAwMDAwMH0sInNjaGVtYV92ZXJzaW9uIjoiMSJ9","dependencies":["module.vpc.aws_vpc.main"]},{"index_key":"1","schema_version":1,"attributes":{"arn":"arn:aws:ec2:ap-south-1:699475925713:subnet/subnet-03b19ed327f4ec8ee","assign_ipv6_address_on_creation":false,"availability_zone":"ap-south-1b","availability_zone_id":"aps1-az3","cidr_block":"10.0.4.0/24","customer_owned_ipv4_pool":"","enable_dns64":false,"enable_lni_at_device_index":0,"enable_resource_name_dns_a_record_on_launch":false,"enable_resource_name_dns_aaaa_record_on_launch":false,"id":"subnet-03b19ed327f4ec8ee","ipv6_cidr_block":"","ipv6_cidr_block_association_id":"","ipv6_native":false,"map_customer_owned_ip_on_launch":false,"map_public_ip_on_launch":false,"outpost_arn":"","owner_id":"699475925713","private_dns_hostname_type_on_launch":"ip-name","tags":{"Environment":"dev","Name":"test-private-subnet-ap-south-1b","Project":"test"},"tags_all":{"Environment":"dev","Name":"test-private-subnet-ap-south-1b","Project":"test"},"timeouts":null,"vpc_id":"vpc-05390037d005f904f"},"sensitive_attributes":[],"private":"eyJlMmJmYjczMC1lY2FhLTExZTYtOGY4OC0zNDM2M2JjN2M0YzAiOnsiY3JlYXRlIjo2MDAwMDAwMDAwMDAsImRlbGV0ZSI6MTIwMDAwMDAwMDAwMH0sInNjaGVtYV92ZXJzaW9uIjoiMSJ9","dependencies":["module.vpc.aws_vpc.main"]},{"index_key":"2","schema_version":1,"attributes":{"arn":"arn:aws:ec2:ap-south-1:699475925713:subnet/subnet-0025ed9bcbe2f313b","assign_ipv6_address_on_creation":false,"availability_zone":"ap-south-1c","availability_zone_id":"aps1-az2","cidr_block":"10.0.5.0/24","customer_owned_ipv4_pool":"","enable_dns64":false,"enable_lni_at_device_index":0,"enable_resource_name_dns_a_record_on_launch":false,"enable_resource_name_dns_aaaa_record_on_launch":false,"id":"subnet-0025ed9bcbe2f313b","ipv6_cidr_block":"","ipv6_cidr_block_association_id":"","ipv6_native":false,"map_customer_owned_ip_on_launch":false,"map_public_ip_on_launch":false,"outpost_arn":"","owner_id":"699475925713","private_dns_hostname_type_on_launch":"ip-name","tags":{"Environment":"dev","Name":"test-private-subnet-ap-south-1c","Project":"test"},"tags_all":{"Environment":"dev","Name":"test-private-subnet-ap-south-1c","Project":"test"},"timeouts":null,"vpc_id":"vpc-05390037d005f904f"},"sensitive_attributes":[],"private":"eyJlMmJmYjczMC1lY2FhLTExZTYtOGY4OC0zNDM2M2JjN2M0YzAiOnsiY3JlYXRlIjo2MDAwMDAwMDAwMDAsImRlbGV0ZSI6MTIwMDAwMDAwMDAwMH0sInNjaGVtYV92ZXJzaW9uIjoiMSJ9","dependencies":["module.vpc.aws_vpc.main"]}]},{"module":"module.subnets","mode":"managed","type":"aws_subnet","name":"public","provider":"provider[\"registry.opentofu.org/hashicorp/aws\"]","instances":[{"index_key":"0","schema_version":1,"attributes":{"arn":"arn:aws:ec2:ap-south-1:699475925713:subnet/subnet-0fa52053a7b9e0c6a","assign_ipv6_address_on_creation":false,"availability_zone":"ap-south-1a","availability_zone_id":"aps1-az1","cidr_block":"10.0.1.0/24","customer_owned_ipv4_pool":"","enable_dns64":false,"enable_lni_at_device_index":0,"enable_resource_name_dns_a_record_on_launch":false,"enable_resource_name_dns_aaaa_record_on_launch":false,"id":"subnet-0fa52053a7b9e0c6a","ipv6_cidr_block":"","ipv6_cidr_block_association_id":"","ipv6_native":false,"map_customer_owned_ip_on_launch":false,"map_public_ip_on_launch":true,"outpost_arn":"","owner_id":"699475925713","private_dns_hostname_type_on_launch":"ip-name","tags":{"Environment":"dev","Name":"test-public-subnet-ap-south-1a","Project":"test"},"tags_all":{"Environment":"dev","Name":"test-public-subnet-ap-south-1a","Project":"test"},"timeouts":null,"vpc_id":"vpc-05390037d005f904f"},"sensitive_attributes":[],"private":"eyJlMmJmYjczMC1lY2FhLTExZTYtOGY4OC0zNDM2M2JjN2M0YzAiOnsiY3JlYXRlIjo2MDAwMDAwMDAwMDAsImRlbGV0ZSI6MTIwMDAwMDAwMDAwMH0sInNjaGVtYV92ZXJzaW9uIjoiMSJ9","dependencies":["module.vpc.aws_vpc.main"]},{"index_key":"1","schema_version":1,"attributes":{"arn":"arn:aws:ec2:ap-south-1:699475925713:subnet/subnet-07598dfdaa2b5f45a","assign_ipv6_address_on_creation":false,"availability_zone":"ap-south-1b","availability_zone_id":"aps1-az3","cidr_block":"10.0.2.0/24","customer_owned_ipv4_pool":"","enable_dns64":false,"enable_lni_at_device_index":0,"enable_resource_name_dns_a_record_on_launch":false,"enable_resource_name_dns_aaaa_record_on_launch":false,"id":"subnet-07598dfdaa2b5f45a","ipv6_cidr_block":"","ipv6_cidr_block_association_id":"","ipv6_native":false,"map_customer_owned_ip_on_launch":false,"map_public_ip_on_launch":true,"outpost_arn":"","owner_id":"699475925713","private_dns_hostname_type_on_launch":"ip-name","tags":{"Environment":"dev","Name":"test-public-subnet-ap-south-1b","Project":"test"},"tags_all":{"Environment":"dev","Name":"test-public-subnet-ap-south-1b","Project":"test"},"timeouts":null,"vpc_id":"vpc-05390037d005f904f"},"sensitive_attributes":[],"private":"eyJlMmJmYjczMC1lY2FhLTExZTYtOGY4OC0zNDM2M2JjN2M0YzAiOnsiY3JlYXRlIjo2MDAwMDAwMDAwMDAsImRlbGV0ZSI6MTIwMDAwMDAwMDAwMH0sInNjaGVtYV92ZXJzaW9uIjoiMSJ9","dependencies":["module.vpc.aws_vpc.main"]}]},{"module":"module.vpc","mode":"managed","type":"aws_vpc","name":"main","provider":"provider[\"registry.opentofu.org/hashicorp/aws\"]","instances":[{"schema_version":1,"attributes":{"arn":"arn:aws:ec2:ap-south-1:699475925713:vpc/vpc-05390037d005f904f","assign_generated_ipv6_cidr_block":false,"cidr_block":"10.0.0.0/16","default_network_acl_id":"acl-0f9770740df05d2fd","default_route_table_id":"rtb-091d3c0437ab481c3","default_security_group_id":"sg-04ad179b1ed85fb8d","dhcp_options_id":"dopt-0fd2babe0b29bfe3c","enable_dns_hostnames":true,"enable_dns_support":true,"enable_network_address_usage_metrics":false,"id":"vpc-05390037d005f904f","instance_tenancy":"default","ipv4_ipam_pool_id":null,"ipv4_netmask_length":null,"ipv6_association_id":"","ipv6_cidr_block":"","ipv6_cidr_block_network_border_group":"","ipv6_ipam_pool_id":"","ipv6_netmask_length":0,"main_route_table_id":"rtb-091d3c0437ab481c3","owner_id":"699475925713","tags":{"Environment":"dev","Name":"test-vpc","Project":"test"},"tags_all":{"Environment":"dev","Name":"test-vpc","Project":"test"}},"sensitive_attributes":[],"private":"eyJzY2hlbWFfdmVyc2lvbiI6IjEifQ=="}]}],"check_results":null}
